// !$*UTF8*$!
{
	archiveVersion = 1;
	classes = {
	};
	objectVersion = 77;
	objects = {

/* Begin PBXContainerItemProxy section */
		A3897CD12E033DAA00C14D62 /* PBXContainerItemProxy */ = {
			isa = PBXContainerItemProxy;
			containerPortal = A3897CBB2E033DA700C14D62 /* Project object */;
			proxyType = 1;
			remoteGlobalIDString = A3897CC22E033DA700C14D62;
			remoteInfo = "war-challenge";
		};
		A3897CDB2E033DAA00C14D62 /* PBXContainerItemProxy */ = {
			isa = PBXContainerItemProxy;
			containerPortal = A3897CBB2E033DA700C14D62 /* Project object */;
			proxyType = 1;
			remoteGlobalIDString = A3897CC22E033DA700C14D62;
			remoteInfo = "war-challenge";
		};
/* End PBXContainerItemProxy section */

/* Begin PBXFileReference section */
		A3897CC32E033DA700C14D62 /* war-challenge.app */ = {isa = PBXFileReference; explicitFileType = wrapper.application; includeInIndex = 0; path = "war-challenge.app"; sourceTree = BUILT_PRODUCTS_DIR; };
		A3897CD02E033DAA00C14D62 /* war-challengeTests.xctest */ = {isa = PBXFileReference; explicitFileType = wrapper.cfbundle; includeInIndex = 0; path = "war-challengeTests.xctest"; sourceTree = BUILT_PRODUCTS_DIR; };
		A3897CDA2E033DAA00C14D62 /* war-challengeUITests.xctest */ = {isa = PBXFileReference; explicitFileType = wrapper.cfbundle; includeInIndex = 0; path = "war-challengeUITests.xctest"; sourceTree = BUILT_PRODUCTS_DIR; };
/* End PBXFileReference section */

/* Begin PBXFileSystemSynchronizedRootGroup section */
		A3897CC52E033DA700C14D62 /* war-challenge */ = {
			isa = PBXFileSystemSynchronizedRootGroup;
			path = "war-challenge";
			sourceTree = "<group>";
		};
		A3897CD32E033DAA00C14D62 /* war-challengeTests */ = {
			isa = PBXFileSystemSynchronizedRootGroup;
			path = "war-challengeTests";
			sourceTree = "<group>";
		};
		A3897CDD2E033DAA00C14D62 /* war-challengeUITests */ = {
			isa = PBXFileSystemSynchronizedRootGroup;
			path = "war-challengeUITests";
			sourceTree = "<group>";
		};
/* End PBXFileSystemSynchronizedRootGroup section */

/* Begin PBXFrameworksBuildPhase section */
		A3897CC02E033DA700C14D62 /* Frameworks */ = {
			isa = PBXFrameworksBuildPhase;
			buildActionMask = 2147483647;
			files = (
			);
			runOnlyForDeploymentPostprocessing = 0;
		};
		A3897CCD2E033DAA00C14D62 /* Frameworks */ = {
			isa = PBXFrameworksBuildPhase;
			buildActionMask = 2147483647;
			files = (
			);
			runOnlyForDeploymentPostprocessing = 0;
		};
		A3897CD72E033DAA00C14D62 /* Frameworks */ = {
			isa = PBXFrameworksBuildPhase;
			buildActionMask = 2147483647;
			files = (
			);
			runOnlyForDeploymentPostprocessing = 0;
		};
/* End PBXFrameworksBuildPhase section */

/* Begin PBXGroup section */
		A3897CBA2E033DA700C14D62 = {
			isa = PBXGroup;
			children = (
				A3897CC52E033DA700C14D62 /* war-challenge */,
				A3897CD32E033DAA00C14D62 /* war-challengeTests */,
				A3897CDD2E033DAA00C14D62 /* war-challengeUITests */,
				A3897CC42E033DA700C14D62 /* Products */,
			);
			sourceTree = "<group>";
		};
		A3897CC42E033DA700C14D62 /* Products */ = {
			isa = PBXGroup;
			children = (
				A3897CC32E033DA700C14D62 /* war-challenge.app */,
				A3897CD02E033DAA00C14D62 /* war-challengeTests.xctest */,
				A3897CDA2E033DAA00C14D62 /* war-challengeUITests.xctest */,
			);
			name = Products;
			sourceTree = "<group>";
		};
/* End PBXGroup section */

/* Begin PBXNativeTarget section */
		A3897CC22E033DA700C14D62 /* war-challenge */ = {
			isa = PBXNativeTarget;
			buildConfigurationList = A3897CE42E033DAA00C14D62 /* Build configuration list for PBXNativeTarget "war-challenge" */;
			buildPhases = (
				A3897CBF2E033DA700C14D62 /* Sources */,
				A3897CC02E033DA700C14D62 /* Frameworks */,
				A3897CC12E033DA700C14D62 /* Resources */,
			);
			buildRules = (
			);
			dependencies = (
			);
			fileSystemSynchronizedGroups = (
				A3897CC52E033DA700C14D62 /* war-challenge */,
			);
			name = "war-challenge";
			packageProductDependencies = (
			);
			productName = "war-challenge";
			productReference = A3897CC32E033DA700C14D62 /* war-challenge.app */;
			productType = "com.apple.product-type.application";
		};
		A3897CCF2E033DAA00C14D62 /* war-challengeTests */ = {
			isa = PBXNativeTarget;
			buildConfigurationList = A3897CE72E033DAA00C14D62 /* Build configuration list for PBXNativeTarget "war-challengeTests" */;
			buildPhases = (
				A3897CCC2E033DAA00C14D62 /* Sources */,
				A3897CCD2E033DAA00C14D62 /* Frameworks */,
				A3897CCE2E033DAA00C14D62 /* Resources */,
			);
			buildRules = (
			);
			dependencies = (
				A3897CD22E033DAA00C14D62 /* PBXTargetDependency */,
			);
			fileSystemSynchronizedGroups = (
				A3897CD32E033DAA00C14D62 /* war-challengeTests */,
			);
			name = "war-challengeTests";
			packageProductDependencies = (
			);
			productName = "war-challengeTests";
			productReference = A3897CD02E033DAA00C14D62 /* war-challengeTests.xctest */;
			productType = "com.apple.product-type.bundle.unit-test";
		};
		A3897CD92E033DAA00C14D62 /* war-challengeUITests */ = {
			isa = PBXNativeTarget;
			buildConfigurationList = A3897CEA2E033DAA00C14D62 /* Build configuration list for PBXNativeTarget "war-challengeUITests" */;
			buildPhases = (
				A3897CD62E033DAA00C14D62 /* Sources */,
				A3897CD72E033DAA00C14D62 /* Frameworks */,
				A3897CD82E033DAA00C14D62 /* Resources */,
			);
			buildRules = (
			);
			dependencies = (
				A3897CDC2E033DAA00C14D62 /* PBXTargetDependency */,
			);
			fileSystemSynchronizedGroups = (
				A3897CDD2E033DAA00C14D62 /* war-challengeUITests */,
			);
			name = "war-challengeUITests";
			packageProductDependencies = (
			);
			productName = "war-challengeUITests";
			productReference = A3897CDA2E033DAA00C14D62 /* war-challengeUITests.xctest */;
			productType = "com.apple.product-type.bundle.ui-testing";
		};
/* End PBXNativeTarget section */

/* Begin PBXProject section */
		A3897CBB2E033DA700C14D62 /* Project object */ = {
			isa = PBXProject;
			attributes = {
				BuildIndependentTargetsInParallel = 1;
				LastSwiftUpdateCheck = 1640;
				LastUpgradeCheck = 1640;
				TargetAttributes = {
					A3897CC22E033DA700C14D62 = {
						CreatedOnToolsVersion = 16.4;
					};
					A3897CCF2E033DAA00C14D62 = {
						CreatedOnToolsVersion = 16.4;
						TestTargetID = A3897CC22E033DA700C14D62;
					};
					A3897CD92E033DAA00C14D62 = {
						CreatedOnToolsVersion = 16.4;
						TestTargetID = A3897CC22E033DA700C14D62;
					};
				};
			};
			buildConfigurationList = A3897CBE2E033DA700C14D62 /* Build configuration list for PBXProject "war-challenge" */;
			developmentRegion = en;
			hasScannedForEncodings = 0;
			knownRegions = (
				en,
				Base,
			);
			mainGroup = A3897CBA2E033DA700C14D62;
			minimizedProjectReferenceProxies = 1;
			preferredProjectObjectVersion = 77;
			productRefGroup = A3897CC42E033DA700C14D62 /* Products */;
			projectDirPath = "";
			projectRoot = "";
			targets = (
				A3897CC22E033DA700C14D62 /* war-challenge */,
				A3897CCF2E033DAA00C14D62 /* war-challengeTests */,
				A3897CD92E033DAA00C14D62 /* war-challengeUITests */,
			);
		};
/* End PBXProject section */

/* Begin PBXResourcesBuildPhase section */
		A3897CC12E033DA700C14D62 /* Resources */ = {
			isa = PBXResourcesBuildPhase;
			buildActionMask = 2147483647;
			files = (
			);
			runOnlyForDeploymentPostprocessing = 0;
		};
		A3897CCE2E033DAA00C14D62 /* Resources */ = {
			isa = PBXResourcesBuildPhase;
			buildActionMask = 2147483647;
			files = (
			);
			runOnlyForDeploymentPostprocessing = 0;
		};
		A3897CD82E033DAA00C14D62 /* Resources */ = {
			isa = PBXResourcesBuildPhase;
			buildActionMask = 2147483647;
			files = (
			);
			runOnlyForDeploymentPostprocessing = 0;
		};
/* End PBXResourcesBuildPhase section */

/* Begin PBXSourcesBuildPhase section */
		A3897CBF2E033DA700C14D62 /* Sources */ = {
			isa = PBXSourcesBuildPhase;
			buildActionMask = 2147483647;
			files = (
			);
			runOnlyForDeploymentPostprocessing = 0;
		};
		A3897CCC2E033DAA00C14D62 /* Sources */ = {
			isa = PBXSourcesBuildPhase;
			buildActionMask = 2147483647;
			files = (
			);
			runOnlyForDeploymentPostprocessing = 0;
		};
		A3897CD62E033DAA00C14D62 /* Sources */ = {
			isa = PBXSourcesBuildPhase;
			buildActionMask = 2147483647;
			files = (
			);
			runOnlyForDeploymentPostprocessing = 0;
		};
/* End PBXSourcesBuildPhase section */

/* Begin PBXTargetDependency section */
		A3897CD22E033DAA00C14D62 /* PBXTargetDependency */ = {
			isa = PBXTargetDependency;
			target = A3897CC22E033DA700C14D62 /* war-challenge */;
			targetProxy = A3897CD12E033DAA00C14D62 /* PBXContainerItemProxy */;
		};
		A3897CDC2E033DAA00C14D62 /* PBXTargetDependency */ = {
			isa = PBXTargetDependency;
			target = A3897CC22E033DA700C14D62 /* war-challenge */;
			targetProxy = A3897CDB2E033DAA00C14D62 /* PBXContainerItemProxy */;
		};
/* End PBXTargetDependency section */

/* Begin XCBuildConfiguration section */
		A3897CE22E033DAA00C14D62 /* Debug */ = {
			isa = XCBuildConfiguration;
			buildSettings = {
				ALWAYS_SEARCH_USER_PATHS = NO;
				ASSETCATALOG_COMPILER_GENERATE_SWIFT_ASSET_SYMBOL_EXTENSIONS = YES;
				CLANG_ANALYZER_NONNULL = YES;
				CLANG_ANALYZER_NUMBER_OBJECT_CONVERSION = YES_AGGRESSIVE;
				CLANG_CXX_LANGUAGE_STANDARD = "gnu++20";
				CLANG_ENABLE_MODULES = YES;
				CLANG_ENABLE_OBJC_ARC = YES;
				CLANG_ENABLE_OBJC_WEAK = YES;
				CLANG_WARN_BLOCK_CAPTURE_AUTORELEASING = YES;
				CLANG_WARN_BOOL_CONVERSION = YES;
				CLANG_WARN_COMMA = YES;
				CLANG_WARN_CONSTANT_CONVERSION = YES;
				CLANG_WARN_DEPRECATED_OBJC_IMPLEMENTATIONS = YES;
				CLANG_WARN_DIRECT_OBJC_ISA_USAGE = YES_ERROR;
				CLANG_WARN_DOCUMENTATION_COMMENTS = YES;
				CLANG_WARN_EMPTY_BODY = YES;
				CLANG_WARN_ENUM_CONVERSION = YES;
				CLANG_WARN_INFINITE_RECURSION = YES;
				CLANG_WARN_INT_CONVERSION = YES;
				CLANG_WARN_NON_LITERAL_NULL_CONVERSION = YES;
				CLANG_WARN_OBJC_IMPLICIT_RETAIN_SELF = YES;
				CLANG_WARN_OBJC_LITERAL_CONVERSION = YES;
				CLANG_WARN_OBJC_ROOT_CLASS = YES_ERROR;
				CLANG_WARN_QUOTED_INCLUDE_IN_FRAMEWORK_HEADER = YES;
				CLANG_WARN_RANGE_LOOP_ANALYSIS = YES;
				CLANG_WARN_STRICT_PROTOTYPES = YES;
				CLANG_WARN_SUSPICIOUS_MOVE = YES;
				CLANG_WARN_UNGUARDED_AVAILABILITY = YES_AGGRESSIVE;
				CLANG_WARN_UNREACHABLE_CODE = YES;
				CLANG_WARN__DUPLICATE_METHOD_MATCH = YES;
				COPY_PHASE_STRIP = NO;
				DEBUG_INFORMATION_FORMAT = dwarf;
				ENABLE_STRICT_OBJC_MSGSEND = YES;
				ENABLE_TESTABILITY = YES;
				ENABLE_USER_SCRIPT_SANDBOXING = YES;
				GCC_C_LANGUAGE_STANDARD = gnu17;
				GCC_DYNAMIC_NO_PIC = NO;
				GCC_NO_COMMON_BLOCKS = YES;
				GCC_OPTIMIZATION_LEVEL = 0;
				GCC_PREPROCESSOR_DEFINITIONS = (
					"DEBUG=1",
					"$(inherited)",
				);
				GCC_WARN_64_TO_32_BIT_CONVERSION = YES;
				GCC_WARN_ABOUT_RETURN_TYPE = YES_ERROR;
				GCC_WARN_UNDECLARED_SELECTOR = YES;
				GCC_WARN_UNINITIALIZED_AUTOS = YES_AGGRESSIVE;
				GCC_WARN_UNUSED_FUNCTION = YES;
				GCC_WARN_UNUSED_VARIABLE = YES;
				IPHONEOS_DEPLOYMENT_TARGET = 18.5;
				LOCALIZATION_PREFERS_STRING_CATALOGS = YES;
				MTL_ENABLE_DEBUG_INFO = INCLUDE_SOURCE;
				MTL_FAST_MATH = YES;
				ONLY_ACTIVE_ARCH = YES;
				SDKROOT = iphoneos;
				SWIFT_ACTIVE_COMPILATION_CONDITIONS = "DEBUG $(inherited)";
				SWIFT_OPTIMIZATION_LEVEL = "-Onone";
			};
			name = Debug;
		};
		A3897CE32E033DAA00C14D62 /* Release */ = {
			isa = XCBuildConfiguration;
			buildSettings = {
				ALWAYS_SEARCH_USER_PATHS = NO;
				ASSETCATALOG_COMPILER_GENERATE_SWIFT_ASSET_SYMBOL_EXTENSIONS = YES;
				CLANG_ANALYZER_NONNULL = YES;
				CLANG_ANALYZER_NUMBER_OBJECT_CONVERSION = YES_AGGRESSIVE;
				CLANG_CXX_LANGUAGE_STANDARD = "gnu++20";
				CLANG_ENABLE_MODULES = YES;
				CLANG_ENABLE_OBJC_ARC = YES;
				CLANG_ENABLE_OBJC_WEAK = YES;
				CLANG_WARN_BLOCK_CAPTURE_AUTORELEASING = YES;
				CLANG_WARN_BOOL_CONVERSION = YES;
				CLANG_WARN_COMMA = YES;
				CLANG_WARN_CONSTANT_CONVERSION = YES;
				CLANG_WARN_DEPRECATED_OBJC_IMPLEMENTATIONS = YES;
				CLANG_WARN_DIRECT_OBJC_ISA_USAGE = YES_ERROR;
				CLANG_WARN_DOCUMENTATION_COMMENTS = YES;
				CLANG_WARN_EMPTY_BODY = YES;
				CLANG_WARN_ENUM_CONVERSION = YES;
				CLANG_WARN_INFINITE_RECURSION = YES;
				CLANG_WARN_INT_CONVERSION = YES;
				CLANG_WARN_NON_LITERAL_NULL_CONVERSION = YES;
				CLANG_WARN_OBJC_IMPLICIT_RETAIN_SELF = YES;
				CLANG_WARN_OBJC_LITERAL_CONVERSION = YES;
				CLANG_WARN_OBJC_ROOT_CLASS = YES_ERROR;
				CLANG_WARN_QUOTED_INCLUDE_IN_FRAMEWORK_HEADER = YES;
				CLANG_WARN_RANGE_LOOP_ANALYSIS = YES;
				CLANG_WARN_STRICT_PROTOTYPES = YES;
				CLANG_WARN_SUSPICIOUS_MOVE = YES;
				CLANG_WARN_UNGUARDED_AVAILABILITY = YES_AGGRESSIVE;
				CLANG_WARN_UNREACHABLE_CODE = YES;
				CLANG_WARN__DUPLICATE_METHOD_MATCH = YES;
				COPY_PHASE_STRIP = NO;
				DEBUG_INFORMATION_FORMAT = "dwarf-with-dsym";
				ENABLE_NS_ASSERTIONS = NO;
				ENABLE_STRICT_OBJC_MSGSEND = YES;
				ENABLE_USER_SCRIPT_SANDBOXING = YES;
				GCC_C_LANGUAGE_STANDARD = gnu17;
				GCC_NO_COMMON_BLOCKS = YES;
				GCC_WARN_64_TO_32_BIT_CONVERSION = YES;
				GCC_WARN_ABOUT_RETURN_TYPE = YES_ERROR;
				GCC_WARN_UNDECLARED_SELECTOR = YES;
				GCC_WARN_UNINITIALIZED_AUTOS = YES_AGGRESSIVE;
				GCC_WARN_UNUSED_FUNCTION = YES;
				GCC_WARN_UNUSED_VARIABLE = YES;
				IPHONEOS_DEPLOYMENT_TARGET = 18.5;
				LOCALIZATION_PREFERS_STRING_CATALOGS = YES;
				MTL_ENABLE_DEBUG_INFO = NO;
				MTL_FAST_MATH = YES;
				SDKROOT = iphoneos;
				SWIFT_COMPILATION_MODE = wholemodule;
				VALIDATE_PRODUCT = YES;
			};
			name = Release;
		};
		A3897CE52E033DAA00C14D62 /* Debug */ = {
			isa = XCBuildConfiguration;
			buildSettings = {
				ASSETCATALOG_COMPILER_APPICON_NAME = AppIcon;
				ASSETCATALOG_COMPILER_GLOBAL_ACCENT_COLOR_NAME = AccentColor;
				CODE_SIGN_STYLE = Automatic;
				CURRENT_PROJECT_VERSION = 1;
				ENABLE_PREVIEWS = YES;
				GENERATE_INFOPLIST_FILE = YES;
				INFOPLIST_KEY_UIApplicationSceneManifest_Generation = YES;
				INFOPLIST_KEY_UIApplicationSupportsIndirectInputEvents = YES;
				INFOPLIST_KEY_UILaunchScreen_Generation = YES;
				INFOPLIST_KEY_UISupportedInterfaceOrientations_iPad = "UIInterfaceOrientationPortrait UIInterfaceOrientationPortraitUpsideDown UIInterfaceOrientationLandscapeLeft UIInterfaceOrientationLandscapeRight";
				INFOPLIST_KEY_UISupportedInterfaceOrientations_iPhone = "UIInterfaceOrientationPortrait UIInterfaceOrientationLandscapeLeft UIInterfaceOrientationLandscapeRight";
				LD_RUNPATH_SEARCH_PATHS = (
					"$(inherited)",
					"@executable_path/Frameworks",
				);
				MARKETING_VERSION = 1.0;
				PRODUCT_BUNDLE_IDENTIFIER = "com.uday.war-challenge.war-challenge";
				PRODUCT_NAME = "$(TARGET_NAME)";
				SWIFT_EMIT_LOC_STRINGS = YES;
				SWIFT_VERSION = 5.0;
				TARGETED_DEVICE_FAMILY = "1,2";
			};
			name = Debug;
		};
		A3897CE62E033DAA00C14D62 /* Release */ = {
			isa = XCBuildConfiguration;
			buildSettings = {
				ASSETCATALOG_COMPILER_APPICON_NAME = AppIcon;
				ASSETCATALOG_COMPILER_GLOBAL_ACCENT_COLOR_NAME = AccentColor;
				CODE_SIGN_STYLE = Automatic;
				CURRENT_PROJECT_VERSION = 1;
				ENABLE_PREVIEWS = YES;
				GENERATE_INFOPLIST_FILE = YES;
				INFOPLIST_KEY_UIApplicationSceneManifest_Generation = YES;
				INFOPLIST_KEY_UIApplicationSupportsIndirectInputEvents = YES;
				INFOPLIST_KEY_UILaunchScreen_Generation = YES;
				INFOPLIST_KEY_UISupportedInterfaceOrientations_iPad = "UIInterfaceOrientationPortrait UIInterfaceOrientationPortraitUpsideDown UIInterfaceOrientationLandscapeLeft UIInterfaceOrientationLandscapeRight";
				INFOPLIST_KEY_UISupportedInterfaceOrientations_iPhone = "UIInterfaceOrientationPortrait UIInterfaceOrientationLandscapeLeft UIInterfaceOrientationLandscapeRight";
				LD_RUNPATH_SEARCH_PATHS = (
					"$(inherited)",
					"@executable_path/Frameworks",
				);
				MARKETING_VERSION = 1.0;
				PRODUCT_BUNDLE_IDENTIFIER = "com.uday.war-challenge.war-challenge";
				PRODUCT_NAME = "$(TARGET_NAME)";
				SWIFT_EMIT_LOC_STRINGS = YES;
				SWIFT_VERSION = 5.0;
				TARGETED_DEVICE_FAMILY = "1,2";
			};
			name = Release;
		};
		A3897CE82E033DAA00C14D62 /* Debug */ = {
			isa = XCBuildConfiguration;
			buildSettings = {
				BUNDLE_LOADER = "$(TEST_HOST)";
				CODE_SIGN_STYLE = Automatic;
				CURRENT_PROJECT_VERSION = 1;
				GENERATE_INFOPLIST_FILE = YES;
				IPHONEOS_DEPLOYMENT_TARGET = 18.5;
				MARKETING_VERSION = 1.0;
				PRODUCT_BUNDLE_IDENTIFIER = "com.uday.war-challenge.war-challengeTests";
				PRODUCT_NAME = "$(TARGET_NAME)";
				SWIFT_EMIT_LOC_STRINGS = NO;
				SWIFT_VERSION = 5.0;
				TARGETED_DEVICE_FAMILY = "1,2";
				TEST_HOST = "$(BUILT_PRODUCTS_DIR)/war-challenge.app/$(BUNDLE_EXECUTABLE_FOLDER_PATH)/war-challenge";
			};
			name = Debug;
		};
		A3897CE92E033DAA00C14D62 /* Release */ = {
			isa = XCBuildConfiguration;
			buildSettings = {
				BUNDLE_LOADER = "$(TEST_HOST)";
				CODE_SIGN_STYLE = Automatic;
				CURRENT_PROJECT_VERSION = 1;
				GENERATE_INFOPLIST_FILE = YES;
				IPHONEOS_DEPLOYMENT_TARGET = 18.5;
				MARKETING_VERSION = 1.0;
				PRODUCT_BUNDLE_IDENTIFIER = "com.uday.war-challenge.war-challengeTests";
				PRODUCT_NAME = "$(TARGET_NAME)";
				SWIFT_EMIT_LOC_STRINGS = NO;
				SWIFT_VERSION = 5.0;
				TARGETED_DEVICE_FAMILY = "1,2";
				TEST_HOST = "$(BUILT_PRODUCTS_DIR)/war-challenge.app/$(BUNDLE_EXECUTABLE_FOLDER_PATH)/war-challenge";
			};
			name = Release;
		};
		A3897CEB2E033DAA00C14D62 /* Debug */ = {
			isa = XCBuildConfiguration;
			buildSettings = {
				CODE_SIGN_STYLE = Automatic;
				CURRENT_PROJECT_VERSION = 1;
				GENERATE_INFOPLIST_FILE = YES;
				MARKETING_VERSION = 1.0;
				PRODUCT_BUNDLE_IDENTIFIER = "com.uday.war-challenge.war-challengeUITests";
				PRODUCT_NAME = "$(TARGET_NAME)";
				SWIFT_EMIT_LOC_STRINGS = NO;
				SWIFT_VERSION = 5.0;
				TARGETED_DEVICE_FAMILY = "1,2";
				TEST_TARGET_NAME = "war-challenge";
			};
			name = Debug;
		};
		A3897CEC2E033DAA00C14D62 /* Release */ = {
			isa = XCBuildConfiguration;
			buildSettings = {
				CODE_SIGN_STYLE = Automatic;
				CURRENT_PROJECT_VERSION = 1;
				GENERATE_INFOPLIST_FILE = YES;
				MARKETING_VERSION = 1.0;
				PRODUCT_BUNDLE_IDENTIFIER = "com.uday.war-challenge.war-challengeUITests";
				PRODUCT_NAME = "$(TARGET_NAME)";
				SWIFT_EMIT_LOC_STRINGS = NO;
				SWIFT_VERSION = 5.0;
				TARGETED_DEVICE_FAMILY = "1,2";
				TEST_TARGET_NAME = "war-challenge";
			};
			name = Release;
		};
/* End XCBuildConfiguration section */

/* Begin XCConfigurationList section */
		A3897CBE2E033DA700C14D62 /* Build configuration list for PBXProject "war-challenge" */ = {
			isa = XCConfigurationList;
			buildConfigurations = (
				A3897CE22E033DAA00C14D62 /* Debug */,
				A3897CE32E033DAA00C14D62 /* Release */,
			);
			defaultConfigurationIsVisible = 0;
			defaultConfigurationName = Release;
		};
		A3897CE42E033DAA00C14D62 /* Build configuration list for PBXNativeTarget "war-challenge" */ = {
			isa = XCConfigurationList;
			buildConfigurations = (
				A3897CE52E033DAA00C14D62 /* Debug */,
				A3897CE62E033DAA00C14D62 /* Release */,
			);
			defaultConfigurationIsVisible = 0;
			defaultConfigurationName = Release;
		};
		A3897CE72E033DAA00C14D62 /* Build configuration list for PBXNativeTarget "war-challengeTests" */ = {
			isa = XCConfigurationList;
			buildConfigurations = (
				A3897CE82E033DAA00C14D62 /* Debug */,
				A3897CE92E033DAA00C14D62 /* Release */,
			);
			defaultConfigurationIsVisible = 0;
			defaultConfigurationName = Release;
		};
		A3897CEA2E033DAA00C14D62 /* Build configuration list for PBXNativeTarget "war-challengeUITests" */ = {
			isa = XCConfigurationList;
			buildConfigurations = (
				A3897CEB2E033DAA00C14D62 /* Debug */,
				A3897CEC2E033DAA00C14D62 /* Release */,
			);
			defaultConfigurationIsVisible = 0;
			defaultConfigurationName = Release;
		};
/* End XCConfigurationList section */
	};
	rootObject = A3897CBB2E033DA700C14D62 /* Project object */;
}
